
Microsoft Visual Studio Solution File, Format Version 12.00
# Visual Studio Version 17
VisualStudioVersion = 17.4.33103.184
MinimumVisualStudioVersion = 10.0.40219.1
Project("{FAE04EC0-301F-11D3-BF4B-00C04F79EFBC}") = "temp", "temp.csproj", "{B7992C95-183E-43D0-AA15-6A195A50BC2E}"
EndProject
Global
	GlobalSection(SolutionConfigurationPlatforms) = preSolution
		Debug|Any CPU = Debug|Any CPU
		Release|Any CPU = Release|Any CPU
	EndGlobalSection
	GlobalSection(ProjectConfigurationPlatforms) = postSolution
		{B7992C95-183E-43D0-AA15-6A195A50BC2E}.Debug|Any CPU.ActiveCfg = Debug|Any CPU
		{B7992C95-183E-43D0-AA15-6A195A50BC2E}.Debug|Any CPU.Build.0 = Debug|Any CPU
		{B7992C95-183E-43D0-AA15-6A195A50BC2E}.Release|Any CPU.ActiveCfg = Release|Any CPU
		{B7992C95-183E-43D0-AA15-6A195A50BC2E}.Release|Any CPU.Build.0 = Release|Any CPU
	EndGlobalSection
	GlobalSection(SolutionProperties) = preSolution
		HideSolutionNode = FALSE
	EndGlobalSection
	GlobalSection(ExtensibilityGlobals) = postSolution
		SolutionGuid = {6AAA0F93-87B1-43D8-886A-3B8740488EBD}
	EndGlobalSection
EndGlobal
